
Microsoft Visual Studio Solution File, Format Version 12.00
# Visual Studio Version 16
VisualStudioVersion = 16.0.30517.126
MinimumVisualStudioVersion = 10.0.40219.1
Project("{FAE04EC0-301F-11D3-BF4B-00C04F79EFBC}") = "7enero", "7enero\7enero.csproj", "{8738939B-C109-4138-AFBE-471DF91C1DD1}"
EndProject
Global
	GlobalSection(SolutionConfigurationPlatforms) = preSolution
		Debug|Any CPU = Debug|Any CPU
		Release|Any CPU = Release|Any CPU
	EndGlobalSection
	GlobalSection(ProjectConfigurationPlatforms) = postSolution
		{8738939B-C109-4138-AFBE-471DF91C1DD1}.Debug|Any CPU.ActiveCfg = Debug|Any CPU
		{8738939B-C109-4138-AFBE-471DF91C1DD1}.Debug|Any CPU.Build.0 = Debug|Any CPU
		{8738939B-C109-4138-AFBE-471DF91C1DD1}.Release|Any CPU.ActiveCfg = Release|Any CPU
		{8738939B-C109-4138-AFBE-471DF91C1DD1}.Release|Any CPU.Build.0 = Release|Any CPU
	EndGlobalSection
	GlobalSection(SolutionProperties) = preSolution
		HideSolutionNode = FALSE
	EndGlobalSection
	GlobalSection(ExtensibilityGlobals) = postSolution
		SolutionGuid = {71A659B7-2A14-4673-9326-AD1CB2664E51}
	EndGlobalSection
EndGlobal
